
Microsoft Visual Studio Solution File, Format Version 12.00
# Visual Studio Version 17
VisualStudioVersion = 17.9.34607.119
MinimumVisualStudioVersion = 10.0.40219.1
Project("{9A19103F-16F7-4668-BE54-9A1E7A4F7556}") = "DETP", "DETP.csproj", "{7893F995-D63E-4ECB-AE5F-45F64295E0DF}"
EndProject
Project("{9A19103F-16F7-4668-BE54-9A1E7A4F7556}") = "DETP.Test", "..\DETP.Test\DETP.Test.csproj", "{8507C4FB-FF79-40F8-B371-6E48A5E7F62B}"
EndProject
Global
	GlobalSection(SolutionConfigurationPlatforms) = preSolution
		Debug|Any CPU = Debug|Any CPU
		Release|Any CPU = Release|Any CPU
	EndGlobalSection
	GlobalSection(ProjectConfigurationPlatforms) = postSolution
		{7893F995-D63E-4ECB-AE5F-45F64295E0DF}.Debug|Any CPU.ActiveCfg = Debug|Any CPU
		{7893F995-D63E-4ECB-AE5F-45F64295E0DF}.Debug|Any CPU.Build.0 = Debug|Any CPU
		{7893F995-D63E-4ECB-AE5F-45F64295E0DF}.Release|Any CPU.ActiveCfg = Release|Any CPU
		{7893F995-D63E-4ECB-AE5F-45F64295E0DF}.Release|Any CPU.Build.0 = Release|Any CPU
		{8507C4FB-FF79-40F8-B371-6E48A5E7F62B}.Debug|Any CPU.ActiveCfg = Debug|Any CPU
		{8507C4FB-FF79-40F8-B371-6E48A5E7F62B}.Debug|Any CPU.Build.0 = Debug|Any CPU
		{8507C4FB-FF79-40F8-B371-6E48A5E7F62B}.Release|Any CPU.ActiveCfg = Release|Any CPU
		{8507C4FB-FF79-40F8-B371-6E48A5E7F62B}.Release|Any CPU.Build.0 = Release|Any CPU
	EndGlobalSection
	GlobalSection(SolutionProperties) = preSolution
		HideSolutionNode = FALSE
	EndGlobalSection
	GlobalSection(ExtensibilityGlobals) = postSolution
		SolutionGuid = {43349C6D-5EBC-476E-BE0B-E28E396BBBF2}
	EndGlobalSection
EndGlobal
